{
  "name": "sample-app",
  "version": "1.0.0",
  "lockfileVersion": 3,
  "requires": true,
  "packages": {
    "": {
      "name": "sample-app",
      "version": "1.0.0",
      "dependencies": {
        "lodash": "^4.17.20",
        "@babel/core": "^7.12.3"
      }
    },
    "node_modules/lodash": {
      "version": "4.17.20",
      "resolved": "https://registry.npmjs.org/lodash/-/lodash-4.17.20.tgz"
    },
    "node_modules/@babel/core": {
      "version": "7.12.3",
      "resolved": "https://registry.npmjs.org/@babel/core/-/core-7.12.3.tgz"
    },
    "node_modules/@babel/core/node_modules/semver": {
      "version": "6.3.0"
    }
  }
}
